
Microsoft Visual Studio Solution File, Format Version 12.00
# Visual Studio Version 16
VisualStudioVersion = 16.0.31729.503
MinimumVisualStudioVersion = 10.0.40219.1
Project("{FAE04EC0-301F-11D3-BF4B-00C04F79EFBC}") = "RepositoryAndUnitWork", "RepositoryAndUnitWork\RepositoryAndUnitWork.csproj", "{844A6720-2024-4E5D-BFDE-E37704081D53}"
EndProject
Global
	GlobalSection(SolutionConfigurationPlatforms) = preSolution
		Debug|Any CPU = Debug|Any CPU
		Release|Any CPU = Release|Any CPU
	EndGlobalSection
	GlobalSection(ProjectConfigurationPlatforms) = postSolution
		{844A6720-2024-4E5D-BFDE-E37704081D53}.Debug|Any CPU.ActiveCfg = Debug|Any CPU
		{844A6720-2024-4E5D-BFDE-E37704081D53}.Debug|Any CPU.Build.0 = Debug|Any CPU
		{844A6720-2024-4E5D-BFDE-E37704081D53}.Release|Any CPU.ActiveCfg = Release|Any CPU
		{844A6720-2024-4E5D-BFDE-E37704081D53}.Release|Any CPU.Build.0 = Release|Any CPU
	EndGlobalSection
	GlobalSection(SolutionProperties) = preSolution
		HideSolutionNode = FALSE
	EndGlobalSection
	GlobalSection(ExtensibilityGlobals) = postSolution
		SolutionGuid = {B33B297B-05A2-4125-A6DC-54E151D63096}
	EndGlobalSection
EndGlobal
